{
    "_readme": [
        "This file locks the dependencies of your project to a known state",
        "Read more about it at https://getcomposer.org/doc/01-basic-usage.md#composer-lock-the-lock-file",
        "This file is @generated automatically"
    ],
    "content-hash": "c6d979387a6cb7dba63ad7869807d948",
    "packages": [
        {
            "name": "erusev/parsedown",
            "version": "1.6.3",
            "source": {
                "type": "git",
                "url": "https://github.com/erusev/parsedown.git",
                "reference": "728952b90a333b5c6f77f06ea9422b94b585878d"
            },
            "dist": {
                "type": "zip",
                "url": "https://api.github.com/repos/erusev/parsedown/zipball/728952b90a333b5c6f77f06ea9422b94b585878d",
                "reference": "728952b90a333b5c6f77f06ea9422b94b585878d",
                "shasum": ""
            },
            "require": {
                "php": ">=5.3.0"
            },
            "type": "library",
            "autoload": {
                "psr-0": {
                    "Parsedown": ""
                }
            },
            "notification-url": "https://packagist.org/downloads/",
            "license": [
                "MIT"
            ],
            "authors": [
                {
                    "name": "Emanuil Rusev",
                    "email": "hello@erusev.com",
                    "homepage": "http://erusev.com"
                }
            ],
            "description": "Parser for Markdown.",
            "homepage": "http://parsedown.org",
            "keywords": [
                "markdown",
                "parser"
            ],
            "time": "2017-05-14T14:47:48+00:00"
        },
        {
            "name": "erusev/parsedown-extra",
            "version": "0.7.1",
            "source": {
                "type": "git",
                "url": "https://github.com/erusev/parsedown-extra.git",
                "reference": "0db5cce7354e4b76f155d092ab5eb3981c21258c"
            },
            "dist": {
                "type": "zip",
                "url": "https://api.github.com/repos/erusev/parsedown-extra/zipball/0db5cce7354e4b76f155d092ab5eb3981c21258c",
                "reference": "0db5cce7354e4b76f155d092ab5eb3981c21258c",
                "shasum": ""
            },
            "require": {
                "erusev/parsedown": "~1.4"
            },
            "type": "library",
            "autoload": {
                "psr-0": {
                    "ParsedownExtra": ""
                }
            },
            "notification-url": "https://packagist.org/downloads/",
            "license": [
                "MIT"
            ],
            "authors": [
                {
                    "name": "Emanuil Rusev",
                    "email": "hello@erusev.com",
                    "homepage": "http://erusev.com"
                }
            ],
            "description": "An extension of Parsedown that adds support for Markdown Extra.",
            "homepage": "https://github.com/erusev/parsedown-extra",
            "keywords": [
                "markdown",
                "markdown extra",
                "parsedown",
                "parser"
            ],
            "time": "2015-11-01T10:19:22+00:00"
        },
        {
            "name": "filp/whoops",
            "version": "2.1.12",
            "source": {
                "type": "git",
                "url": "https://github.com/filp/whoops.git",
                "reference": "a99f0b151846021ba7a73b4e3cba3ebc9f14f03e"
            },
            "dist": {
                "type": "zip",
                "url": "https://api.github.com/repos/filp/whoops/zipball/a99f0b151846021ba7a73b4e3cba3ebc9f14f03e",
                "reference": "a99f0b151846021ba7a73b4e3cba3ebc9f14f03e",
                "shasum": ""
            },
            "require": {
                "php": "^5.5.9 || ^7.0",
                "psr/log": "^1.0.1"
            },
            "require-dev": {
                "mockery/mockery": "0.9.*",
                "phpunit/phpunit": "^4.8 || ^5.0",
                "symfony/var-dumper": "^2.6 || ^3.0"
            },
            "suggest": {
                "symfony/var-dumper": "Pretty print complex values better with var-dumper available",
                "whoops/soap": "Formats errors as SOAP responses"
            },
            "type": "library",
            "extra": {
                "branch-alias": {
                    "dev-master": "2.0-dev"
                }
            },
            "autoload": {
                "psr-4": {
                    "Whoops\\": "src/Whoops/"
                }
            },
            "notification-url": "https://packagist.org/downloads/",
            "license": [
                "MIT"
            ],
            "authors": [
                {
                    "name": "Filipe Dobreira",
                    "homepage": "https://github.com/filp",
                    "role": "Developer"
                }
            ],
            "description": "php error handling for cool kids",
            "homepage": "https://filp.github.io/whoops/",
            "keywords": [
                "error",
                "exception",
                "handling",
                "library",
                "throwable",
                "whoops"
            ],
            "time": "2017-10-15T13:05:10+00:00"
        },
        {
            "name": "fvsch/kirby-staticbuilder",
            "version": "v3.0.0-beta.1",
            "source": {
                "type": "git",
                "url": "https://github.com/fvsch/kirby-staticbuilder.git",
                "reference": "d4754eaa038e12aa4d0eda8c90b56e58e8d99b64"
            },
            "dist": {
                "type": "zip",
                "url": "https://api.github.com/repos/fvsch/kirby-staticbuilder/zipball/d4754eaa038e12aa4d0eda8c90b56e58e8d99b64",
                "reference": "d4754eaa038e12aa4d0eda8c90b56e58e8d99b64",
                "shasum": ""
            },
            "require": {
                "php": ">=5.4.0"
            },
            "type": "library",
            "autoload": {
                "psr-4": {
                    "KirbyStaticBuilder\\": "src/"
                }
            },
            "notification-url": "https://packagist.org/downloads/",
            "license": [
                "MIT"
            ],
            "authors": [
                {
                    "name": "Florens Verschelde",
                    "email": "florens@fvsch.com"
                }
            ],
            "description": "Static HTML exporter for Kirby CMS",
            "homepage": "https://github.com/fvsch/kirby-staticbuilder/",
            "time": "2017-11-12T14:45:31+00:00"
        },
        {
            "name": "fvsch/kirby-twig",
            "version": "v3.0.1",
            "source": {
                "type": "git",
                "url": "https://github.com/fvsch/kirby-twig.git",
                "reference": "203806f624b56ca82aad660a3df53ce7666767c1"
            },
            "dist": {
                "type": "zip",
                "url": "https://api.github.com/repos/fvsch/kirby-twig/zipball/203806f624b56ca82aad660a3df53ce7666767c1",
                "reference": "203806f624b56ca82aad660a3df53ce7666767c1",
                "shasum": ""
            },
            "require": {
                "php": ">=5.4.0",
                "twig/twig": "^1.30"
            },
            "type": "library",
            "autoload": {
                "psr-4": {
                    "Kirby\\Twig\\": "src/"
                }
            },
            "notification-url": "https://packagist.org/downloads/",
            "license": [
                "MIT"
            ],
            "authors": [
                {
                    "name": "Florens Verschelde",
                    "email": "florens@fvsch.com"
                }
            ],
            "description": "Twig templating support for Kirby CMS",
            "homepage": "https://github.com/fvsch/kirby-twig/",
            "time": "2017-09-29T16:26:46+00:00"
        },
        {
            "name": "getkirby/kirby",
            "version": "2.5.6",
            "source": {
                "type": "git",
                "url": "https://github.com/getkirby/kirby.git",
                "reference": "2a8b9070205c06fdd5d15dc210aa732cda845889"
            },
            "dist": {
                "type": "zip",
                "url": "https://api.github.com/repos/getkirby/kirby/zipball/2a8b9070205c06fdd5d15dc210aa732cda845889",
                "reference": "2a8b9070205c06fdd5d15dc210aa732cda845889",
                "shasum": ""
            },
            "require": {
                "erusev/parsedown-extra": "0.7.*",
                "ext-gd": "*",
                "ext-mbstring": "*",
                "filp/whoops": "2.1.*",
                "getkirby/toolkit": "2.5.6",
                "michelf/php-smartypants": "1.8.*",
                "php": ">=5.4.0"
            },
            "type": "library",
            "autoload": {
                "files": [
                    "composer.php"
                ]
            },
            "notification-url": "https://packagist.org/downloads/",
            "license": [
                "proprietary"
            ],
            "authors": [
                {
                    "name": "Bastian Allgeier",
                    "email": "bastian@getkirby.com",
                    "homepage": "http://bastianallgeier.com"
                }
            ],
            "description": "The Kirby 2 core.",
            "homepage": "https://getkirby.com",
            "keywords": [
                "cms",
                "core",
                "kirby"
            ],
            "time": "2017-10-11T13:06:44+00:00"
        },
        {
            "name": "getkirby/toolkit",
            "version": "2.5.6",
            "source": {
                "type": "git",
                "url": "https://github.com/getkirby/toolkit.git",
                "reference": "abb0ca76dc02db60727c969914253fe8013dffde"
            },
            "dist": {
                "type": "zip",
                "url": "https://api.github.com/repos/getkirby/toolkit/zipball/abb0ca76dc02db60727c969914253fe8013dffde",
                "reference": "abb0ca76dc02db60727c969914253fe8013dffde",
                "shasum": ""
            },
            "require": {
                "php": ">=5.4.0"
            },
            "type": "library",
            "autoload": {
                "files": [
                    "bootstrap.php"
                ]
            },
            "notification-url": "https://packagist.org/downloads/",
            "license": [
                "MIT"
            ],
            "authors": [
                {
                    "name": "Bastian Allgeier",
                    "email": "bastian@getkirby.com",
                    "homepage": "http://bastianallgeier.com"
                }
            ],
            "description": "The Kirby 2 toolkit is a set of handy classes and helpers which make your life with PHP easier.",
            "homepage": "http://toolkit.getkirby.com",
            "keywords": [
                "toolkit"
            ],
            "time": "2017-10-11T12:59:14+00:00"
        },
        {
            "name": "michelf/php-smartypants",
            "version": "1.8.1",
            "source": {
                "type": "git",
                "url": "https://github.com/michelf/php-smartypants.git",
                "reference": "47d17c90a4dfd0ccf1f87e25c65e6c8012415aad"
            },
            "dist": {
                "type": "zip",
                "url": "https://api.github.com/repos/michelf/php-smartypants/zipball/47d17c90a4dfd0ccf1f87e25c65e6c8012415aad",
                "reference": "47d17c90a4dfd0ccf1f87e25c65e6c8012415aad",
                "shasum": ""
            },
            "require": {
                "php": ">=5.3.0"
            },
            "type": "library",
            "autoload": {
                "psr-0": {
                    "Michelf": ""
                }
            },
            "notification-url": "https://packagist.org/downloads/",
            "license": [
                "BSD-3-Clause"
            ],
            "authors": [
                {
                    "name": "Michel Fortin",
                    "email": "michel.fortin@michelf.ca",
                    "homepage": "https://michelf.ca/",
                    "role": "Developer"
                },
                {
                    "name": "John Gruber",
                    "homepage": "https://daringfireball.net/"
                }
            ],
            "description": "PHP SmartyPants",
            "homepage": "https://michelf.ca/projects/php-smartypants/",
            "keywords": [
                "dashes",
                "quotes",
                "spaces",
                "typographer",
                "typography"
            ],
            "time": "2016-12-13T01:01:17+00:00"
        },
        {
            "name": "psr/log",
            "version": "1.0.2",
            "source": {
                "type": "git",
                "url": "https://github.com/php-fig/log.git",
                "reference": "4ebe3a8bf773a19edfe0a84b6585ba3d401b724d"
            },
            "dist": {
                "type": "zip",
                "url": "https://api.github.com/repos/php-fig/log/zipball/4ebe3a8bf773a19edfe0a84b6585ba3d401b724d",
                "reference": "4ebe3a8bf773a19edfe0a84b6585ba3d401b724d",
                "shasum": ""
            },
            "require": {
                "php": ">=5.3.0"
            },
            "type": "library",
            "extra": {
                "branch-alias": {
                    "dev-master": "1.0.x-dev"
                }
            },
            "autoload": {
                "psr-4": {
                    "Psr\\Log\\": "Psr/Log/"
                }
            },
            "notification-url": "https://packagist.org/downloads/",
            "license": [
                "MIT"
            ],
            "authors": [
                {
                    "name": "PHP-FIG",
                    "homepage": "http://www.php-fig.org/"
                }
            ],
            "description": "Common interface for logging libraries",
            "homepage": "https://github.com/php-fig/log",
            "keywords": [
                "log",
                "psr",
                "psr-3"
            ],
            "time": "2016-10-10T12:19:37+00:00"
        },
        {
            "name": "twig/twig",
            "version": "v1.35.0",
            "source": {
                "type": "git",
                "url": "https://github.com/twigphp/Twig.git",
                "reference": "daa657073e55b0a78cce8fdd22682fddecc6385f"
            },
            "dist": {
                "type": "zip",
                "url": "https://api.github.com/repos/twigphp/Twig/zipball/daa657073e55b0a78cce8fdd22682fddecc6385f",
                "reference": "daa657073e55b0a78cce8fdd22682fddecc6385f",
                "shasum": ""
            },
            "require": {
                "php": ">=5.3.3"
            },
            "require-dev": {
                "psr/container": "^1.0",
                "symfony/debug": "~2.7",
                "symfony/phpunit-bridge": "~3.3@dev"
            },
            "type": "library",
            "extra": {
                "branch-alias": {
                    "dev-master": "1.35-dev"
                }
            },
            "autoload": {
                "psr-0": {
                    "Twig_": "lib/"
                },
                "psr-4": {
                    "Twig\\": "src/"
                }
            },
            "notification-url": "https://packagist.org/downloads/",
            "license": [
                "BSD-3-Clause"
            ],
            "authors": [
                {
                    "name": "Fabien Potencier",
                    "email": "fabien@symfony.com",
                    "homepage": "http://fabien.potencier.org",
                    "role": "Lead Developer"
                },
                {
                    "name": "Armin Ronacher",
                    "email": "armin.ronacher@active-4.com",
                    "role": "Project Founder"
                },
                {
                    "name": "Twig Team",
                    "homepage": "http://twig.sensiolabs.org/contributors",
                    "role": "Contributors"
                }
            ],
            "description": "Twig, the flexible, fast, and secure template language for PHP",
            "homepage": "http://twig.sensiolabs.org",
            "keywords": [
                "templating"
            ],
            "time": "2017-09-27T18:06:46+00:00"
        }
    ],
    "packages-dev": [],
    "aliases": [],
    "minimum-stability": "stable",
    "stability-flags": {
        "fvsch/kirby-staticbuilder": 10
    },
    "prefer-stable": false,
    "prefer-lowest": false,
    "platform": {
        "php": "^5.6 || ^7.0"
    },
    "platform-dev": []
}
